{
  "name": "angular-resuable-components",
  "lockfileVersion": 2,
  "requires": true,
  "packages": {
    "": {
      "dependencies": {
        "angular-datatables": "^13.0.1"
      }
    },
    "node_modules/angular-datatables": {
      "version": "13.0.1",
      "resolved": "https://registry.npmjs.org/angular-datatables/-/angular-datatables-13.0.1.tgz",
      "integrity": "sha512-PdY8xaTrPX4fH1s56M5TcbftZII6hKSmUNv+IJPg1Vb+6FyG9J2KeakthZR9zhKBYt4v8Fcdi8rZbt0c4pNbtw==",
      "engines": {
        "node": ">=8.9.0"
      }
    }
  },
  "dependencies": {
    "angular-datatables": {
      "version": "13.0.1",
      "resolved": "https://registry.npmjs.org/angular-datatables/-/angular-datatables-13.0.1.tgz",
      "integrity": "sha512-PdY8xaTrPX4fH1s56M5TcbftZII6hKSmUNv+IJPg1Vb+6FyG9J2KeakthZR9zhKBYt4v8Fcdi8rZbt0c4pNbtw=="
    }
  }
}
